
Microsoft Visual Studio Solution File, Format Version 12.00
# Visual Studio 2015
Project("{FAE04EC0-301F-11D3-BF4B-00C04F79EFBC}") = "MedicalGame.CSharp", "MedicalGame.CSharp.csproj", "{0BB1C819-94F2-F946-7B1A-50BC77B63062}"
EndProject
Global
	GlobalSection(SolutionConfigurationPlatforms) = preSolution
		Debug|Any CPU = Debug|Any CPU
		Release|Any CPU = Release|Any CPU
	EndGlobalSection
	GlobalSection(ProjectConfigurationPlatforms) = postSolution
		{0BB1C819-94F2-F946-7B1A-50BC77B63062}.Debug|Any CPU.ActiveCfg = Debug|Any CPU
		{0BB1C819-94F2-F946-7B1A-50BC77B63062}.Debug|Any CPU.Build.0 = Debug|Any CPU
		{0BB1C819-94F2-F946-7B1A-50BC77B63062}.Release|Any CPU.ActiveCfg = Release|Any CPU
		{0BB1C819-94F2-F946-7B1A-50BC77B63062}.Release|Any CPU.Build.0 = Release|Any CPU
	EndGlobalSection
	GlobalSection(SolutionProperties) = preSolution
		HideSolutionNode = FALSE
	EndGlobalSection
EndGlobal
